
Microsoft Visual Studio Solution File, Format Version 12.00
# Visual Studio 15
VisualStudioVersion = 15.0.28307.960
MinimumVisualStudioVersion = 10.0.40219.1
Project("{FAE04EC0-301F-11D3-BF4B-00C04F79EFBC}") = "Sorteper", "Sorteper\Sorteper.csproj", "{80BE9155-5C76-4873-84F5-EB66A9A54029}"
EndProject
Global
	GlobalSection(SolutionConfigurationPlatforms) = preSolution
		Debug|Any CPU = Debug|Any CPU
		Release|Any CPU = Release|Any CPU
	EndGlobalSection
	GlobalSection(ProjectConfigurationPlatforms) = postSolution
		{80BE9155-5C76-4873-84F5-EB66A9A54029}.Debug|Any CPU.ActiveCfg = Debug|Any CPU
		{80BE9155-5C76-4873-84F5-EB66A9A54029}.Debug|Any CPU.Build.0 = Debug|Any CPU
		{80BE9155-5C76-4873-84F5-EB66A9A54029}.Release|Any CPU.ActiveCfg = Release|Any CPU
		{80BE9155-5C76-4873-84F5-EB66A9A54029}.Release|Any CPU.Build.0 = Release|Any CPU
	EndGlobalSection
	GlobalSection(SolutionProperties) = preSolution
		HideSolutionNode = FALSE
	EndGlobalSection
	GlobalSection(ExtensibilityGlobals) = postSolution
		SolutionGuid = {EBA3016D-2DB2-43D5-B8E1-B75EF15BDDC1}
	EndGlobalSection
EndGlobal
